# This file is automatically @generated by Cargo.
# It is not intended for manual editing.
version = 3

[[package]]
name = "lab15"
version = "0.1.0"
dependencies = [
 "sgf-parse",
]

[[package]]
name = "sgf-parse"
version = "4.2.1"
source = "registry+https://github.com/rust-lang/crates.io-index"
checksum = "7aeeb265fe56d6e10e726905d6c1705c5642943bbebe82ebc2673e81086ea5ca"
